{
  "requires": true,
  "lockfileVersion": 1,
  "dependencies": {
    "now": {
      "version": "16.5.2",
      "resolved": "https://registry.npmjs.org/now/-/now-16.5.2.tgz",
      "integrity": "sha512-Pv8HMpeTaiLLoNh93Poy5GbiM0oc/CPo1ZXa+o70Nd/ospRaLg7gaFtpZH+My/vS9+xWTDq7hmHjXPCXPtD/pg=="
    }
  }
}
